
Microsoft Visual Studio Solution File, Format Version 12.00
# Visual Studio Version 17
VisualStudioVersion = 17.11.35312.102
MinimumVisualStudioVersion = 10.0.40219.1
Project("{9A19103F-16F7-4668-BE54-9A1E7A4F7556}") = "Fora.API", "Fora.API.csproj", "{55C9EB56-1626-4493-ACD5-07B354B49C6D}"
EndProject
Project("{9A19103F-16F7-4668-BE54-9A1E7A4F7556}") = "Fora.Tests", "..\Fora.Tests\Fora.Tests.csproj", "{3BC3DD89-D524-4D9B-9A1A-98510E0B8680}"
EndProject
Global
	GlobalSection(SolutionConfigurationPlatforms) = preSolution
		Debug|Any CPU = Debug|Any CPU
		Release|Any CPU = Release|Any CPU
	EndGlobalSection
	GlobalSection(ProjectConfigurationPlatforms) = postSolution
		{55C9EB56-1626-4493-ACD5-07B354B49C6D}.Debug|Any CPU.ActiveCfg = Debug|Any CPU
		{55C9EB56-1626-4493-ACD5-07B354B49C6D}.Debug|Any CPU.Build.0 = Debug|Any CPU
		{55C9EB56-1626-4493-ACD5-07B354B49C6D}.Release|Any CPU.ActiveCfg = Release|Any CPU
		{55C9EB56-1626-4493-ACD5-07B354B49C6D}.Release|Any CPU.Build.0 = Release|Any CPU
		{3BC3DD89-D524-4D9B-9A1A-98510E0B8680}.Debug|Any CPU.ActiveCfg = Debug|Any CPU
		{3BC3DD89-D524-4D9B-9A1A-98510E0B8680}.Debug|Any CPU.Build.0 = Debug|Any CPU
		{3BC3DD89-D524-4D9B-9A1A-98510E0B8680}.Release|Any CPU.ActiveCfg = Release|Any CPU
		{3BC3DD89-D524-4D9B-9A1A-98510E0B8680}.Release|Any CPU.Build.0 = Release|Any CPU
	EndGlobalSection
	GlobalSection(SolutionProperties) = preSolution
		HideSolutionNode = FALSE
	EndGlobalSection
	GlobalSection(ExtensibilityGlobals) = postSolution
		SolutionGuid = {980231D6-0631-41DE-9965-6A2AFC552FE1}
	EndGlobalSection
EndGlobal
